
Microsoft Visual Studio Solution File, Format Version 12.00
# Visual Studio Version 16
VisualStudioVersion = 16.0.30611.23
MinimumVisualStudioVersion = 10.0.40219.1
Project("{FAE04EC0-301F-11D3-BF4B-00C04F79EFBC}") = "UdemyASP.NETCoreMVC3.1.InventorySystem", "UdemyASP.NETCoreMVC3.1.InventorySystem\UdemyASP.NETCoreMVC3.1.InventorySystem.csproj", "{186D8452-51DC-4EB9-89B7-BB533772FA7D}"
EndProject
Global
	GlobalSection(SolutionConfigurationPlatforms) = preSolution
		Debug|Any CPU = Debug|Any CPU
		Release|Any CPU = Release|Any CPU
	EndGlobalSection
	GlobalSection(ProjectConfigurationPlatforms) = postSolution
		{186D8452-51DC-4EB9-89B7-BB533772FA7D}.Debug|Any CPU.ActiveCfg = Debug|Any CPU
		{186D8452-51DC-4EB9-89B7-BB533772FA7D}.Debug|Any CPU.Build.0 = Debug|Any CPU
		{186D8452-51DC-4EB9-89B7-BB533772FA7D}.Release|Any CPU.ActiveCfg = Release|Any CPU
		{186D8452-51DC-4EB9-89B7-BB533772FA7D}.Release|Any CPU.Build.0 = Release|Any CPU
	EndGlobalSection
	GlobalSection(SolutionProperties) = preSolution
		HideSolutionNode = FALSE
	EndGlobalSection
	GlobalSection(ExtensibilityGlobals) = postSolution
		SolutionGuid = {01A92E03-A47C-440C-B30F-21FAE2D1F320}
	EndGlobalSection
EndGlobal
